
Microsoft Visual Studio Solution File, Format Version 12.00
# Visual Studio Version 16
VisualStudioVersion = 16.0.30503.244
MinimumVisualStudioVersion = 10.0.40219.1
Project("{FAE04EC0-301F-11D3-BF4B-00C04F79EFBC}") = "TicTacToeGame", "TicTacToeGame.csproj", "{D10EAB8A-3FCA-463A-B558-70758035D36F}"
EndProject
Global
	GlobalSection(SolutionConfigurationPlatforms) = preSolution
		Debug|Any CPU = Debug|Any CPU
		Release|Any CPU = Release|Any CPU
	EndGlobalSection
	GlobalSection(ProjectConfigurationPlatforms) = postSolution
		{D10EAB8A-3FCA-463A-B558-70758035D36F}.Debug|Any CPU.ActiveCfg = Debug|Any CPU
		{D10EAB8A-3FCA-463A-B558-70758035D36F}.Debug|Any CPU.Build.0 = Debug|Any CPU
		{D10EAB8A-3FCA-463A-B558-70758035D36F}.Release|Any CPU.ActiveCfg = Release|Any CPU
		{D10EAB8A-3FCA-463A-B558-70758035D36F}.Release|Any CPU.Build.0 = Release|Any CPU
	EndGlobalSection
	GlobalSection(SolutionProperties) = preSolution
		HideSolutionNode = FALSE
	EndGlobalSection
	GlobalSection(ExtensibilityGlobals) = postSolution
		SolutionGuid = {F53D3450-D135-45FD-B04F-79C2ED4FAF53}
	EndGlobalSection
EndGlobal
